
Microsoft Visual Studio Solution File, Format Version 12.00
# Visual Studio Version 17
VisualStudioVersion = 17.3.32901.215
MinimumVisualStudioVersion = 10.0.40219.1
Project("{FAE04EC0-301F-11D3-BF4B-00C04F79EFBC}") = "FloorplanningViewer_v2", "FloorplanningViewer_v2.csproj", "{DB64A4F9-3EC9-4289-BFBE-BC54F9AAA9D0}"
EndProject
Global
	GlobalSection(SolutionConfigurationPlatforms) = preSolution
		Debug|Any CPU = Debug|Any CPU
		Release|Any CPU = Release|Any CPU
	EndGlobalSection
	GlobalSection(ProjectConfigurationPlatforms) = postSolution
		{DB64A4F9-3EC9-4289-BFBE-BC54F9AAA9D0}.Debug|Any CPU.ActiveCfg = Debug|Any CPU
		{DB64A4F9-3EC9-4289-BFBE-BC54F9AAA9D0}.Debug|Any CPU.Build.0 = Debug|Any CPU
		{DB64A4F9-3EC9-4289-BFBE-BC54F9AAA9D0}.Release|Any CPU.ActiveCfg = Release|Any CPU
		{DB64A4F9-3EC9-4289-BFBE-BC54F9AAA9D0}.Release|Any CPU.Build.0 = Release|Any CPU
	EndGlobalSection
	GlobalSection(SolutionProperties) = preSolution
		HideSolutionNode = FALSE
	EndGlobalSection
	GlobalSection(ExtensibilityGlobals) = postSolution
		SolutionGuid = {AE72797F-FF22-4834-9379-B3F49941613A}
	EndGlobalSection
EndGlobal
